
Microsoft Visual Studio Solution File, Format Version 11.00
# Visual Studio 2010
Project("{FAE04EC0-301F-11D3-BF4B-00C04F79EFBC}") = "Bird Project", "Assembly-CSharp.csproj", "{DC2290F8-2555-4761-62CA-014C4BE4C721}"
EndProject
Global
	GlobalSection(SolutionConfigurationPlatforms) = preSolution
		Debug|Any CPU = Debug|Any CPU
		Release|Any CPU = Release|Any CPU
	EndGlobalSection
	GlobalSection(ProjectConfigurationPlatforms) = postSolution
		{DC2290F8-2555-4761-62CA-014C4BE4C721}.Debug|Any CPU.ActiveCfg = Debug|Any CPU
		{DC2290F8-2555-4761-62CA-014C4BE4C721}.Debug|Any CPU.Build.0 = Debug|Any CPU
		{DC2290F8-2555-4761-62CA-014C4BE4C721}.Release|Any CPU.ActiveCfg = Release|Any CPU
		{DC2290F8-2555-4761-62CA-014C4BE4C721}.Release|Any CPU.Build.0 = Release|Any CPU
	EndGlobalSection
	GlobalSection(SolutionProperties) = preSolution
		HideSolutionNode = FALSE
	EndGlobalSection
	GlobalSection(MonoDevelopProperties) = preSolution
		StartupItem = Assembly-CSharp.csproj
	EndGlobalSection
EndGlobal
